Microsoft Visual Studio Solution File, Format Version 12.00
# Visual Studio Version 17
VisualStudioVersion = 17.5.2.0
MinimumVisualStudioVersion = 10.0.40219.1
Project("{2150E333-8FDC-42A3-9474-1A3956D46DE8}") = "informatyka [computer science]", "informatyka [computer science]", "{2BC2BA57-96F7-57A9-ADAA-620ECDB99664}"
EndProject
Project("{2150E333-8FDC-42A3-9474-1A3956D46DE8}") = "[25-S] Programowanie Obiektowe", "[25-S] Programowanie Obiektowe", "{66D3B032-B1A7-692E-7FA8-9C502F689FF7}"
EndProject
Project("{2150E333-8FDC-42A3-9474-1A3956D46DE8}") = "lista03", "lista03", "{EECD759B-0498-104F-F68C-B74EE6A436E4}"
EndProject
Project("{FAE04EC0-301F-11D3-BF4B-00C04F79EFBC}") = "task3", "informatyka [computer science]\[25-S] Programowanie Obiektowe\lista03\task3\task3.csproj", "{36695D86-DD5F-1D71-D561-516082BE25FA}"
EndProject
Project("{2150E333-8FDC-42A3-9474-1A3956D46DE8}") = "lista04", "lista04", "{A654EB3B-DB5D-E10F-C935-7E29D3A93D01}"
EndProject
Project("{FAE04EC0-301F-11D3-BF4B-00C04F79EFBC}") = "task", "informatyka [computer science]\[25-S] Programowanie Obiektowe\lista04\task\task.csproj", "{8EA94128-E7B6-3135-2874-AC7CEAF3074A}"
EndProject
Global
	GlobalSection(SolutionConfigurationPlatforms) = preSolution
		Debug|Any CPU = Debug|Any CPU
		Release|Any CPU = Release|Any CPU
	EndGlobalSection
	GlobalSection(ProjectConfigurationPlatforms) = postSolution
		{36695D86-DD5F-1D71-D561-516082BE25FA}.Debug|Any CPU.ActiveCfg = Debug|Any CPU
		{36695D86-DD5F-1D71-D561-516082BE25FA}.Debug|Any CPU.Build.0 = Debug|Any CPU
		{36695D86-DD5F-1D71-D561-516082BE25FA}.Release|Any CPU.ActiveCfg = Release|Any CPU
		{36695D86-DD5F-1D71-D561-516082BE25FA}.Release|Any CPU.Build.0 = Release|Any CPU
		{8EA94128-E7B6-3135-2874-AC7CEAF3074A}.Debug|Any CPU.ActiveCfg = Debug|Any CPU
		{8EA94128-E7B6-3135-2874-AC7CEAF3074A}.Debug|Any CPU.Build.0 = Debug|Any CPU
		{8EA94128-E7B6-3135-2874-AC7CEAF3074A}.Release|Any CPU.ActiveCfg = Release|Any CPU
		{8EA94128-E7B6-3135-2874-AC7CEAF3074A}.Release|Any CPU.Build.0 = Release|Any CPU
	EndGlobalSection
	GlobalSection(SolutionProperties) = preSolution
		HideSolutionNode = FALSE
	EndGlobalSection
	GlobalSection(NestedProjects) = preSolution
		{66D3B032-B1A7-692E-7FA8-9C502F689FF7} = {2BC2BA57-96F7-57A9-ADAA-620ECDB99664}
		{EECD759B-0498-104F-F68C-B74EE6A436E4} = {66D3B032-B1A7-692E-7FA8-9C502F689FF7}
		{36695D86-DD5F-1D71-D561-516082BE25FA} = {EECD759B-0498-104F-F68C-B74EE6A436E4}
		{A654EB3B-DB5D-E10F-C935-7E29D3A93D01} = {66D3B032-B1A7-692E-7FA8-9C502F689FF7}
		{8EA94128-E7B6-3135-2874-AC7CEAF3074A} = {A654EB3B-DB5D-E10F-C935-7E29D3A93D01}
	EndGlobalSection
	GlobalSection(ExtensibilityGlobals) = postSolution
		SolutionGuid = {0BC4805F-9B90-4C29-960E-C9A157A9DA6A}
	EndGlobalSection
EndGlobal
